// !$*UTF8*$!
{
	archiveVersion = 1;
	classes = {
	};
	objectVersion = 50;
	objects = {

/* Begin PBXBuildFile section */
		1F05BFB9263B6AF800B909EF /* AppDelegate.swift in Sources */ = {isa = PBXBuildFile; fileRef = 1F05BFB8263B6AF800B909EF /* AppDelegate.swift */; };
		1F05BFBB263B6AF800B909EF /* SceneDelegate.swift in Sources */ = {isa = PBXBuildFile; fileRef = 1F05BFBA263B6AF800B909EF /* SceneDelegate.swift */; };
		1F05BFC0263B6AF800B909EF /* Main.storyboard in Resources */ = {isa = PBXBuildFile; fileRef = 1F05BFBE263B6AF800B909EF /* Main.storyboard */; };
		1F05BFC2263B6AFB00B909EF /* Assets.xcassets in Resources */ = {isa = PBXBuildFile; fileRef = 1F05BFC1263B6AFB00B909EF /* Assets.xcassets */; };
		1F05BFC5263B6AFB00B909EF /* LaunchScreen.storyboard in Resources */ = {isa = PBXBuildFile; fileRef = 1F05BFC3263B6AFB00B909EF /* LaunchScreen.storyboard */; };
		1F05BFD8263B79F400B909EF /* Models.swift in Sources */ = {isa = PBXBuildFile; fileRef = 1F05BFD7263B79F400B909EF /* Models.swift */; };
		1F05BFE5263B8F0F00B909EF /* HomePageVC.swift in Sources */ = {isa = PBXBuildFile; fileRef = 1F05BFE4263B8F0F00B909EF /* HomePageVC.swift */; };
		1F05BFEC263B948400B909EF /* QuestionsVC.swift in Sources */ = {isa = PBXBuildFile; fileRef = 1F05BFEB263B948400B909EF /* QuestionsVC.swift */; };
		1F05BFF2263B972E00B909EF /* TableViewCell.swift in Sources */ = {isa = PBXBuildFile; fileRef = 1F05BFF1263B972E00B909EF /* TableViewCell.swift */; };
		1F05BFF6263B9CF700B909EF /* QuestionDetails.swift in Sources */ = {isa = PBXBuildFile; fileRef = 1F05BFF5263B9CF700B909EF /* QuestionDetails.swift */; };
/* End PBXBuildFile section */

/* Begin PBXFileReference section */
		1F05BFB5263B6AF800B909EF /* QuizMe.app */ = {isa = PBXFileReference; explicitFileType = wrapper.application; includeInIndex = 0; path = QuizMe.app; sourceTree = BUILT_PRODUCTS_DIR; };
		1F05BFB8263B6AF800B909EF /* AppDelegate.swift */ = {isa = PBXFileReference; lastKnownFileType = sourcecode.swift; path = AppDelegate.swift; sourceTree = "<group>"; };
		1F05BFBA263B6AF800B909EF /* SceneDelegate.swift */ = {isa = PBXFileReference; lastKnownFileType = sourcecode.swift; path = SceneDelegate.swift; sourceTree = "<group>"; };
		1F05BFBF263B6AF800B909EF /* Base */ = {isa = PBXFileReference; lastKnownFileType = file.storyboard; name = Base; path = Base.lproj/Main.storyboard; sourceTree = "<group>"; };
		1F05BFC1263B6AFB00B909EF /* Assets.xcassets */ = {isa = PBXFileReference; lastKnownFileType = folder.assetcatalog; path = Assets.xcassets; sourceTree = "<group>"; };
		1F05BFC4263B6AFB00B909EF /* Base */ = {isa = PBXFileReference; lastKnownFileType = file.storyboard; name = Base; path = Base.lproj/LaunchScreen.storyboard; sourceTree = "<group>"; };
		1F05BFC6263B6AFB00B909EF /* Info.plist */ = {isa = PBXFileReference; lastKnownFileType = text.plist.xml; path = Info.plist; sourceTree = "<group>"; };
		1F05BFD7263B79F400B909EF /* Models.swift */ = {isa = PBXFileReference; lastKnownFileType = sourcecode.swift; path = Models.swift; sourceTree = "<group>"; };
		1F05BFE4263B8F0F00B909EF /* HomePageVC.swift */ = {isa = PBXFileReference; lastKnownFileType = sourcecode.swift; path = HomePageVC.swift; sourceTree = "<group>"; };
		1F05BFEB263B948400B909EF /* QuestionsVC.swift */ = {isa = PBXFileReference; lastKnownFileType = sourcecode.swift; path = QuestionsVC.swift; sourceTree = "<group>"; };
		1F05BFF1263B972E00B909EF /* TableViewCell.swift */ = {isa = PBXFileReference; lastKnownFileType = sourcecode.swift; path = TableViewCell.swift; sourceTree = "<group>"; };
		1F05BFF5263B9CF700B909EF /* QuestionDetails.swift */ = {isa = PBXFileReference; lastKnownFileType = sourcecode.swift; path = QuestionDetails.swift; sourceTree = "<group>"; };
/* End PBXFileReference section */

/* Begin PBXFrameworksBuildPhase section */
		1F05BFB2263B6AF800B909EF /* Frameworks */ = {
			isa = PBXFrameworksBuildPhase;
			buildActionMask = 2147483647;
			files = (
			);
			runOnlyForDeploymentPostprocessing = 0;
		};
/* End PBXFrameworksBuildPhase section */

/* Begin PBXGroup section */
		1F05BFAC263B6AF800B909EF = {
			isa = PBXGroup;
			children = (
				1F05BFB7263B6AF800B909EF /* QuizMe */,
				1F05BFB6263B6AF800B909EF /* Products */,
			);
			sourceTree = "<group>";
		};
		1F05BFB6263B6AF800B909EF /* Products */ = {
			isa = PBXGroup;
			children = (
				1F05BFB5263B6AF800B909EF /* QuizMe.app */,
			);
			name = Products;
			sourceTree = "<group>";
		};
		1F05BFB7263B6AF800B909EF /* QuizMe */ = {
			isa = PBXGroup;
			children = (
				1F05BFD0263B79A400B909EF /* VCs */,
				1F05BFD6263B79D000B909EF /* Models */,
				1F05BFB8263B6AF800B909EF /* AppDelegate.swift */,
				1F05BFBA263B6AF800B909EF /* SceneDelegate.swift */,
				1F05BFBE263B6AF800B909EF /* Main.storyboard */,
				1F05BFC1263B6AFB00B909EF /* Assets.xcassets */,
				1F05BFC3263B6AFB00B909EF /* LaunchScreen.storyboard */,
				1F05BFC6263B6AFB00B909EF /* Info.plist */,
			);
			path = QuizMe;
			sourceTree = "<group>";
		};
		1F05BFD0263B79A400B909EF /* VCs */ = {
			isa = PBXGroup;
			children = (
				1F05BFEA263B945300B909EF /* Creating Quiz */,
				1F05BFE7263B8F1300B909EF /* Home Page */,
			);
			path = VCs;
			sourceTree = "<group>";
		};
		1F05BFD6263B79D000B909EF /* Models */ = {
			isa = PBXGroup;
			children = (
				1F05BFD7263B79F400B909EF /* Models.swift */,
			);
			path = Models;
			sourceTree = "<group>";
		};
		1F05BFE7263B8F1300B909EF /* Home Page */ = {
			isa = PBXGroup;
			children = (
				1F05BFE4263B8F0F00B909EF /* HomePageVC.swift */,
			);
			path = "Home Page";
			sourceTree = "<group>";
		};
		1F05BFEA263B945300B909EF /* Creating Quiz */ = {
			isa = PBXGroup;
			children = (
				1F05BFEE263B948C00B909EF /* Table VCs */,
				1F05BFEB263B948400B909EF /* QuestionsVC.swift */,
				1F05BFF5263B9CF700B909EF /* QuestionDetails.swift */,
			);
			path = "Creating Quiz";
			sourceTree = "<group>";
		};
		1F05BFEE263B948C00B909EF /* Table VCs */ = {
			isa = PBXGroup;
			children = (
				1F05BFF1263B972E00B909EF /* TableViewCell.swift */,
			);
			path = "Table VCs";
			sourceTree = "<group>";
		};
/* End PBXGroup section */

/* Begin PBXNativeTarget section */
		1F05BFB4263B6AF800B909EF /* QuizMe */ = {
			isa = PBXNativeTarget;
			buildConfigurationList = 1F05BFC9263B6AFB00B909EF /* Build configuration list for PBXNativeTarget "QuizMe" */;
			buildPhases = (
				1F05BFB1263B6AF800B909EF /* Sources */,
				1F05BFB2263B6AF800B909EF /* Frameworks */,
				1F05BFB3263B6AF800B909EF /* Resources */,
			);
			buildRules = (
			);
			dependencies = (
			);
			name = QuizMe;
			productName = QuizMe;
			productReference = 1F05BFB5263B6AF800B909EF /* QuizMe.app */;
			productType = "com.apple.product-type.application";
		};
/* End PBXNativeTarget section */

/* Begin PBXProject section */
		1F05BFAD263B6AF800B909EF /* Project object */ = {
			isa = PBXProject;
			attributes = {
				LastSwiftUpdateCheck = 1230;
				LastUpgradeCheck = 1230;
				TargetAttributes = {
					1F05BFB4263B6AF800B909EF = {
						CreatedOnToolsVersion = 12.3;
					};
				};
			};
			buildConfigurationList = 1F05BFB0263B6AF800B909EF /* Build configuration list for PBXProject "QuizMe" */;
			compatibilityVersion = "Xcode 9.3";
			developmentRegion = en;
			hasScannedForEncodings = 0;
			knownRegions = (
				en,
				Base,
			);
			mainGroup = 1F05BFAC263B6AF800B909EF;
			productRefGroup = 1F05BFB6263B6AF800B909EF /* Products */;
			projectDirPath = "";
			projectRoot = "";
			targets = (
				1F05BFB4263B6AF800B909EF /* QuizMe */,
			);
		};
/* End PBXProject section */

/* Begin PBXResourcesBuildPhase section */
		1F05BFB3263B6AF800B909EF /* Resources */ = {
			isa = PBXResourcesBuildPhase;
			buildActionMask = 2147483647;
			files = (
				1F05BFC5263B6AFB00B909EF /* LaunchScreen.storyboard in Resources */,
				1F05BFC2263B6AFB00B909EF /* Assets.xcassets in Resources */,
				1F05BFC0263B6AF800B909EF /* Main.storyboard in Resources */,
			);
			runOnlyForDeploymentPostprocessing = 0;
		};
/* End PBXResourcesBuildPhase section */

/* Begin PBXSourcesBuildPhase section */
		1F05BFB1263B6AF800B909EF /* Sources */ = {
			isa = PBXSourcesBuildPhase;
			buildActionMask = 2147483647;
			files = (
				1F05BFD8263B79F400B909EF /* Models.swift in Sources */,
				1F05BFEC263B948400B909EF /* QuestionsVC.swift in Sources */,
				1F05BFF6263B9CF700B909EF /* QuestionDetails.swift in Sources */,
				1F05BFB9263B6AF800B909EF /* AppDelegate.swift in Sources */,
				1F05BFF2263B972E00B909EF /* TableViewCell.swift in Sources */,
				1F05BFE5263B8F0F00B909EF /* HomePageVC.swift in Sources */,
				1F05BFBB263B6AF800B909EF /* SceneDelegate.swift in Sources */,
			);
			runOnlyForDeploymentPostprocessing = 0;
		};
/* End PBXSourcesBuildPhase section */

/* Begin PBXVariantGroup section */
		1F05BFBE263B6AF800B909EF /* Main.storyboard */ = {
			isa = PBXVariantGroup;
			children = (
				1F05BFBF263B6AF800B909EF /* Base */,
			);
			name = Main.storyboard;
			sourceTree = "<group>";
		};
		1F05BFC3263B6AFB00B909EF /* LaunchScreen.storyboard */ = {
			isa = PBXVariantGroup;
			children = (
				1F05BFC4263B6AFB00B909EF /* Base */,
			);
			name = LaunchScreen.storyboard;
			sourceTree = "<group>";
		};
/* End PBXVariantGroup section */

/* Begin XCBuildConfiguration section */
		1F05BFC7263B6AFB00B909EF /* Debug */ = {
			isa = XCBuildConfiguration;
			buildSettings = {
				ALWAYS_SEARCH_USER_PATHS = NO;
				CLANG_ANALYZER_NONNULL = YES;
				CLANG_ANALYZER_NUMBER_OBJECT_CONVERSION = YES_AGGRESSIVE;
				CLANG_CXX_LANGUAGE_STANDARD = "gnu++14";
				CLANG_CXX_LIBRARY = "libc++";
				CLANG_ENABLE_MODULES = YES;
				CLANG_ENABLE_OBJC_ARC = YES;
				CLANG_ENABLE_OBJC_WEAK = YES;
				CLANG_WARN_BLOCK_CAPTURE_AUTORELEASING = YES;
				CLANG_WARN_BOOL_CONVERSION = YES;
				CLANG_WARN_COMMA = YES;
				CLANG_WARN_CONSTANT_CONVERSION = YES;
				CLANG_WARN_DEPRECATED_OBJC_IMPLEMENTATIONS = YES;
				CLANG_WARN_DIRECT_OBJC_ISA_USAGE = YES_ERROR;
				CLANG_WARN_DOCUMENTATION_COMMENTS = YES;
				CLANG_WARN_EMPTY_BODY = YES;
				CLANG_WARN_ENUM_CONVERSION = YES;
				CLANG_WARN_INFINITE_RECURSION = YES;
				CLANG_WARN_INT_CONVERSION = YES;
				CLANG_WARN_NON_LITERAL_NULL_CONVERSION = YES;
				CLANG_WARN_OBJC_IMPLICIT_RETAIN_SELF = YES;
				CLANG_WARN_OBJC_LITERAL_CONVERSION = YES;
				CLANG_WARN_OBJC_ROOT_CLASS = YES_ERROR;
				CLANG_WARN_QUOTED_INCLUDE_IN_FRAMEWORK_HEADER = YES;
				CLANG_WARN_RANGE_LOOP_ANALYSIS = YES;
				CLANG_WARN_STRICT_PROTOTYPES = YES;
				CLANG_WARN_SUSPICIOUS_MOVE = YES;
				CLANG_WARN_UNGUARDED_AVAILABILITY = YES_AGGRESSIVE;
				CLANG_WARN_UNREACHABLE_CODE = YES;
				CLANG_WARN__DUPLICATE_METHOD_MATCH = YES;
				COPY_PHASE_STRIP = NO;
				DEBUG_INFORMATION_FORMAT = dwarf;
				ENABLE_STRICT_OBJC_MSGSEND = YES;
				ENABLE_TESTABILITY = YES;
				GCC_C_LANGUAGE_STANDARD = gnu11;
				GCC_DYNAMIC_NO_PIC = NO;
				GCC_NO_COMMON_BLOCKS = YES;
				GCC_OPTIMIZATION_LEVEL = 0;
				GCC_PREPROCESSOR_DEFINITIONS = (
					"DEBUG=1",
					"$(inherited)",
				);
				GCC_WARN_64_TO_32_BIT_CONVERSION = YES;
				GCC_WARN_ABOUT_RETURN_TYPE = YES_ERROR;
				GCC_WARN_UNDECLARED_SELECTOR = YES;
				GCC_WARN_UNINITIALIZED_AUTOS = YES_AGGRESSIVE;
				GCC_WARN_UNUSED_FUNCTION = YES;
				GCC_WARN_UNUSED_VARIABLE = YES;
				IPHONEOS_DEPLOYMENT_TARGET = 14.3;
				MTL_ENABLE_DEBUG_INFO = INCLUDE_SOURCE;
				MTL_FAST_MATH = YES;
				ONLY_ACTIVE_ARCH = YES;
				SDKROOT = iphoneos;
				SWIFT_ACTIVE_COMPILATION_CONDITIONS = DEBUG;
				SWIFT_OPTIMIZATION_LEVEL = "-Onone";
			};
			name = Debug;
		};
		1F05BFC8263B6AFB00B909EF /* Release */ = {
			isa = XCBuildConfiguration;
			buildSettings = {
				ALWAYS_SEARCH_USER_PATHS = NO;
				CLANG_ANALYZER_NONNULL = YES;
				CLANG_ANALYZER_NUMBER_OBJECT_CONVERSION = YES_AGGRESSIVE;
				CLANG_CXX_LANGUAGE_STANDARD = "gnu++14";
				CLANG_CXX_LIBRARY = "libc++";
				CLANG_ENABLE_MODULES = YES;
				CLANG_ENABLE_OBJC_ARC = YES;
				CLANG_ENABLE_OBJC_WEAK = YES;
				CLANG_WARN_BLOCK_CAPTURE_AUTORELEASING = YES;
				CLANG_WARN_BOOL_CONVERSION = YES;
				CLANG_WARN_COMMA = YES;
				CLANG_WARN_CONSTANT_CONVERSION = YES;
				CLANG_WARN_DEPRECATED_OBJC_IMPLEMENTATIONS = YES;
				CLANG_WARN_DIRECT_OBJC_ISA_USAGE = YES_ERROR;
				CLANG_WARN_DOCUMENTATION_COMMENTS = YES;
				CLANG_WARN_EMPTY_BODY = YES;
				CLANG_WARN_ENUM_CONVERSION = YES;
				CLANG_WARN_INFINITE_RECURSION = YES;
				CLANG_WARN_INT_CONVERSION = YES;
				CLANG_WARN_NON_LITERAL_NULL_CONVERSION = YES;
				CLANG_WARN_OBJC_IMPLICIT_RETAIN_SELF = YES;
				CLANG_WARN_OBJC_LITERAL_CONVERSION = YES;
				CLANG_WARN_OBJC_ROOT_CLASS = YES_ERROR;
				CLANG_WARN_QUOTED_INCLUDE_IN_FRAMEWORK_HEADER = YES;
				CLANG_WARN_RANGE_LOOP_ANALYSIS = YES;
				CLANG_WARN_STRICT_PROTOTYPES = YES;
				CLANG_WARN_SUSPICIOUS_MOVE = YES;
				CLANG_WARN_UNGUARDED_AVAILABILITY = YES_AGGRESSIVE;
				CLANG_WARN_UNREACHABLE_CODE = YES;
				CLANG_WARN__DUPLICATE_METHOD_MATCH = YES;
				COPY_PHASE_STRIP = NO;
				DEBUG_INFORMATION_FORMAT = "dwarf-with-dsym";
				ENABLE_NS_ASSERTIONS = NO;
				ENABLE_STRICT_OBJC_MSGSEND = YES;
				GCC_C_LANGUAGE_STANDARD = gnu11;
				GCC_NO_COMMON_BLOCKS = YES;
				GCC_WARN_64_TO_32_BIT_CONVERSION = YES;
				GCC_WARN_ABOUT_RETURN_TYPE = YES_ERROR;
				GCC_WARN_UNDECLARED_SELECTOR = YES;
				GCC_WARN_UNINITIALIZED_AUTOS = YES_AGGRESSIVE;
				GCC_WARN_UNUSED_FUNCTION = YES;
				GCC_WARN_UNUSED_VARIABLE = YES;
				IPHONEOS_DEPLOYMENT_TARGET = 14.3;
				MTL_ENABLE_DEBUG_INFO = NO;
				MTL_FAST_MATH = YES;
				SDKROOT = iphoneos;
				SWIFT_COMPILATION_MODE = wholemodule;
				SWIFT_OPTIMIZATION_LEVEL = "-O";
				VALIDATE_PRODUCT = YES;
			};
			name = Release;
		};
		1F05BFCA263B6AFB00B909EF /* Debug */ = {
			isa = XCBuildConfiguration;
			buildSettings = {
				ASSETCATALOG_COMPILER_APPICON_NAME = AppIcon;
				ASSETCATALOG_COMPILER_GLOBAL_ACCENT_COLOR_NAME = AccentColor;
				CODE_SIGN_STYLE = Automatic;
				DEVELOPMENT_TEAM = XF66VVD4LB;
				INFOPLIST_FILE = QuizMe/Info.plist;
				LD_RUNPATH_SEARCH_PATHS = (
					"$(inherited)",
					"@executable_path/Frameworks",
				);
				PRODUCT_BUNDLE_IDENTIFIER = com.SHAIKHA.QuizMe;
				PRODUCT_NAME = "$(TARGET_NAME)";
				SWIFT_VERSION = 5.0;
				TARGETED_DEVICE_FAMILY = "1,2";
			};
			name = Debug;
		};
		1F05BFCB263B6AFB00B909EF /* Release */ = {
			isa = XCBuildConfiguration;
			buildSettings = {
				ASSETCATALOG_COMPILER_APPICON_NAME = AppIcon;
				ASSETCATALOG_COMPILER_GLOBAL_ACCENT_COLOR_NAME = AccentColor;
				CODE_SIGN_STYLE = Automatic;
				DEVELOPMENT_TEAM = XF66VVD4LB;
				INFOPLIST_FILE = QuizMe/Info.plist;
				LD_RUNPATH_SEARCH_PATHS = (
					"$(inherited)",
					"@executable_path/Frameworks",
				);
				PRODUCT_BUNDLE_IDENTIFIER = com.SHAIKHA.QuizMe;
				PRODUCT_NAME = "$(TARGET_NAME)";
				SWIFT_VERSION = 5.0;
				TARGETED_DEVICE_FAMILY = "1,2";
			};
			name = Release;
		};
/* End XCBuildConfiguration section */

/* Begin XCConfigurationList section */
		1F05BFB0263B6AF800B909EF /* Build configuration list for PBXProject "QuizMe" */ = {
			isa = XCConfigurationList;
			buildConfigurations = (
				1F05BFC7263B6AFB00B909EF /* Debug */,
				1F05BFC8263B6AFB00B909EF /* Release */,
			);
			defaultConfigurationIsVisible = 0;
			defaultConfigurationName = Release;
		};
		1F05BFC9263B6AFB00B909EF /* Build configuration list for PBXNativeTarget "QuizMe" */ = {
			isa = XCConfigurationList;
			buildConfigurations = (
				1F05BFCA263B6AFB00B909EF /* Debug */,
				1F05BFCB263B6AFB00B909EF /* Release */,
			);
			defaultConfigurationIsVisible = 0;
			defaultConfigurationName = Release;
		};
/* End XCConfigurationList section */
	};
	rootObject = 1F05BFAD263B6AF800B909EF /* Project object */;
}
